
Microsoft Visual Studio Solution File, Format Version 12.00
# Visual Studio Version 17
VisualStudioVersion = 17.5.002.0
MinimumVisualStudioVersion = 10.0.40219.1
Project("{9A19103F-16F7-4668-BE54-9A1E7A4F7556}") = "gusta", "gusta\gusta.csproj", "{024CAE6E-FBA4-407D-A018-915D23F8173E}"
EndProject
Global
	GlobalSection(SolutionConfigurationPlatforms) = preSolution
		Debug|Any CPU = Debug|Any CPU
		Release|Any CPU = Release|Any CPU
	EndGlobalSection
	GlobalSection(ProjectConfigurationPlatforms) = postSolution
		{024CAE6E-FBA4-407D-A018-915D23F8173E}.Debug|Any CPU.ActiveCfg = Debug|Any CPU
		{024CAE6E-FBA4-407D-A018-915D23F8173E}.Debug|Any CPU.Build.0 = Debug|Any CPU
		{024CAE6E-FBA4-407D-A018-915D23F8173E}.Release|Any CPU.ActiveCfg = Release|Any CPU
		{024CAE6E-FBA4-407D-A018-915D23F8173E}.Release|Any CPU.Build.0 = Release|Any CPU
	EndGlobalSection
	GlobalSection(SolutionProperties) = preSolution
		HideSolutionNode = FALSE
	EndGlobalSection
	GlobalSection(ExtensibilityGlobals) = postSolution
		SolutionGuid = {D1EA5D78-E844-4710-AAEE-730C3B5B74FB}
	EndGlobalSection
EndGlobal
